<?xml version="1.0" encoding="utf-8"?>
<Project ToolsVersion="4.0" xmlns="http://schemas.microsoft.com/developer/msbuild/2003">
  <ItemGroup>
    <Filter Include="Source Files">
      <UniqueIdentifier>{4FC737F1-C7A5-4376-A066-2A32D752A2FF}</UniqueIdentifier>
      <Extensions>cpp;c;cc;cxx;def;odl;idl;hpj;bat;asm;asmx</Extensions>
    </Filter>
    <Filter Include="Header Files">
      <UniqueIdentifier>{93995380-89BD-4b04-88EB-625FBE52EBFB}</UniqueIdentifier>
      <Extensions>h;hh;hpp;hxx;hm;inl;inc;xsd</Extensions>
    </Filter>
    <Filter Include="Resource Files">
      <UniqueIdentifier>{67DA6AB6-F800-4c08-8B7A-83BB121AAD01}</UniqueIdentifier>
      <Extensions>rc;ico;cur;bmp;dlg;rc2;rct;bin;rgs;gif;jpg;jpeg;jpe;resx;tiff;tif;png;wav;mfcribbon-ms</Extensions>
    </Filter>
    <Filter Include="Source Files\src">
      <UniqueIdentifier>{a53d3e57-9d0d-4774-9c43-a3d6dc24ea32}</UniqueIdentifier>
    </Filter>
    <Filter Include="Header Files\sound">
      <UniqueIdentifier>{2d18ae43-8324-46d7-bdf7-6e7f9efc40a9}</UniqueIdentifier>
    </Filter>
    <Filter Include="Source Files\src1">
      <UniqueIdentifier>{43d96cd4-f734-40f4-90b2-a19ae93e1c91}</UniqueIdentifier>
    </Filter>
  </ItemGroup>
  <ItemGroup>
    <Text Include="ReadMe.txt" />
  </ItemGroup>
  <ItemGroup>
    <ClInclude Include="targetver.h">
      <Filter>Header Files</Filter>
    </ClInclude>
    <ClInclude Include="Decorators.h">
      <Filter>Header Files</Filter>
    </ClInclude>
    <ClInclude Include="Lights.h">
      <Filter>Header Files</Filter>
    </ClInclude>
    <ClInclude Include="MeshP3NT2.h">
      <Filter>Header Files</Filter>
    </ClInclude>
    <ClInclude Include="stdafx.h">
      <Filter>Header Files</Filter>
    </ClInclude>
    <ClInclude Include="Window.h">
      <Filter>Header Files</Filter>
    </ClInclude>
    <ClInclude Include="IBody.h">
      <Filter>Header Files</Filter>
    </ClInclude>
    <ClInclude Include="src\AbstractWindow.h">
      <Filter>Source Files\src</Filter>
    </ClInclude>
    <ClInclude Include="src\Camera.h">
      <Filter>Source Files\src</Filter>
    </ClInclude>
    <ClInclude Include="src\DispatchEvent.h">
      <Filter>Source Files\src</Filter>
    </ClInclude>
    <ClInclude Include="src\FilesystemUtils.h">
      <Filter>Source Files\src</Filter>
    </ClInclude>
    <ClInclude Include="src\FloatRect.h">
      <Filter>Source Files\src</Filter>
    </ClInclude>
    <ClInclude Include="src\libchapter2_private.h">
      <Filter>Source Files\src</Filter>
    </ClInclude>
    <ClInclude Include="src\Texture2D.h">
      <Filter>Source Files\src</Filter>
    </ClInclude>
    <ClInclude Include="src\tinyxml2.h">
      <Filter>Source Files\src</Filter>
    </ClInclude>
    <ClInclude Include="src\Utils.h">
      <Filter>Source Files\src</Filter>
    </ClInclude>
    <ClInclude Include="libchapter2.h">
      <Filter>Header Files</Filter>
    </ClInclude>
    <ClInclude Include="Wall.h">
      <Filter>Header Files</Filter>
    </ClInclude>
    <ClInclude Include="Labirint.h">
      <Filter>Header Files</Filter>
    </ClInclude>
    <ClInclude Include="Player.h">
      <Filter>Header Files</Filter>
    </ClInclude>
    <ClInclude Include="src\Vector3D.h">
      <Filter>Source Files\src</Filter>
    </ClInclude>
    <ClInclude Include="SoundSource.h">
      <Filter>Header Files\sound</Filter>
    </ClInclude>
    <ClInclude Include="RandomSoundPlayer.h">
      <Filter>Header Files\sound</Filter>
    </ClInclude>
    <ClInclude Include="src1\ShaderProgram.h">
      <Filter>Source Files\src1</Filter>
    </ClInclude>
    <ClInclude Include="src1\libchapter3_private.h">
      <Filter>Source Files\src1</Filter>
    </ClInclude>
    <ClInclude Include="src1\ProgramInfo.h">
      <Filter>Source Files\src1</Filter>
    </ClInclude>
    <ClInclude Include="src1\ProgramUniform.h">
      <Filter>Source Files\src1</Filter>
    </ClInclude>
    <ClInclude Include="src1\VertexAttribute.h">
      <Filter>Source Files\src1</Filter>
    </ClInclude>
  </ItemGroup>
  <ItemGroup>
    <ClCompile Include="Decorators.cpp">
      <Filter>Source Files</Filter>
    </ClCompile>
    <ClCompile Include="Lights.cpp">
      <Filter>Source Files</Filter>
    </ClCompile>
    <ClCompile Include="main.cpp">
      <Filter>Source Files</Filter>
    </ClCompile>
    <ClCompile Include="MeshP3NT2.cpp">
      <Filter>Source Files</Filter>
    </ClCompile>
    <ClCompile Include="stdafx.cpp">
      <Filter>Source Files</Filter>
    </ClCompile>
    <ClCompile Include="Window.cpp">
      <Filter>Source Files</Filter>
    </ClCompile>
    <ClCompile Include="src\AbstractWindow.cpp">
      <Filter>Source Files\src</Filter>
    </ClCompile>
    <ClCompile Include="src\Camera.cpp">
      <Filter>Source Files\src</Filter>
    </ClCompile>
    <ClCompile Include="src\DispatchEvent.cpp">
      <Filter>Source Files\src</Filter>
    </ClCompile>
    <ClCompile Include="src\FilesystemUtils.cpp">
      <Filter>Source Files\src</Filter>
    </ClCompile>
    <ClCompile Include="src\FloatRect.cpp">
      <Filter>Source Files\src</Filter>
    </ClCompile>
    <ClCompile Include="src\Texture2D.cpp">
      <Filter>Source Files\src</Filter>
    </ClCompile>
    <ClCompile Include="src\tinyxml2.cpp">
      <Filter>Source Files\src</Filter>
    </ClCompile>
    <ClCompile Include="src\Utils.cpp">
      <Filter>Source Files\src</Filter>
    </ClCompile>
    <ClCompile Include="Wall.cpp">
      <Filter>Source Files</Filter>
    </ClCompile>
    <ClCompile Include="Labirint.cpp">
      <Filter>Source Files</Filter>
    </ClCompile>
    <ClCompile Include="Player.cpp">
      <Filter>Source Files</Filter>
    </ClCompile>
    <ClCompile Include="src\Vector3D.cpp">
      <Filter>Source Files\src</Filter>
    </ClCompile>
    <ClCompile Include="SoundSource.cpp">
      <Filter>Header Files\sound</Filter>
    </ClCompile>
    <ClCompile Include="RandomSoundPlayer.cpp">
      <Filter>Header Files\sound</Filter>
    </ClCompile>
    <ClCompile Include="src1\ShaderProgram.cpp">
      <Filter>Source Files\src1</Filter>
    </ClCompile>
    <ClCompile Include="src1\ProgramInfo.cpp">
      <Filter>Source Files\src1</Filter>
    </ClCompile>
    <ClCompile Include="src1\ProgramUniform.cpp">
      <Filter>Source Files\src1</Filter>
    </ClCompile>
    <ClCompile Include="src1\VertexAttribute.cpp">
      <Filter>Source Files\src1</Filter>
    </ClCompile>
  </ItemGroup>
</Project>